
Microsoft Visual Studio Solution File, Format Version 12.00
# Visual Studio 2013
VisualStudioVersion = 12.0.20930.1
MinimumVisualStudioVersion = 10.0.40219.1
Project("{FAE04EC0-301F-11D3-BF4B-00C04F79EFBC}") = "Minimatch", "Minimatch\Minimatch.csproj", "{2CA3D199-F40B-44E7-8FA3-D0EB1BA28CE7}"
EndProject
Project("{2150E333-8FDC-42A3-9474-1A3956D46DE8}") = "Solution Items", "Solution Items", "{DECF29EB-8A8D-4CAA-832B-21AF71AF805F}"
	ProjectSection(SolutionItems) = preProject
		README.md = README.md
	EndProjectSection
EndProject
Project("{FAE04EC0-301F-11D3-BF4B-00C04F79EFBC}") = "Minimatch.Tests", "Minimatch.Tests\Minimatch.Tests.csproj", "{F885C6AE-8AD7-4942-B429-720783C0B65E}"
EndProject
Global
	GlobalSection(SolutionConfigurationPlatforms) = preSolution
		Debug|Any CPU = Debug|Any CPU
		Release|Any CPU = Release|Any CPU
	EndGlobalSection
	GlobalSection(ProjectConfigurationPlatforms) = postSolution
		{2CA3D199-F40B-44E7-8FA3-D0EB1BA28CE7}.Debug|Any CPU.ActiveCfg = Debug|Any CPU
		{2CA3D199-F40B-44E7-8FA3-D0EB1BA28CE7}.Debug|Any CPU.Build.0 = Debug|Any CPU
		{2CA3D199-F40B-44E7-8FA3-D0EB1BA28CE7}.Release|Any CPU.ActiveCfg = Release|Any CPU
		{2CA3D199-F40B-44E7-8FA3-D0EB1BA28CE7}.Release|Any CPU.Build.0 = Release|Any CPU
		{F885C6AE-8AD7-4942-B429-720783C0B65E}.Debug|Any CPU.ActiveCfg = Debug|Any CPU
		{F885C6AE-8AD7-4942-B429-720783C0B65E}.Debug|Any CPU.Build.0 = Debug|Any CPU
		{F885C6AE-8AD7-4942-B429-720783C0B65E}.Release|Any CPU.ActiveCfg = Release|Any CPU
		{F885C6AE-8AD7-4942-B429-720783C0B65E}.Release|Any CPU.Build.0 = Release|Any CPU
	EndGlobalSection
	GlobalSection(SolutionProperties) = preSolution
		HideSolutionNode = FALSE
	EndGlobalSection
EndGlobal
